// !$*UTF8*$!
{
	archiveVersion = 1;
	classes = {
	};
	objectVersion = 50;
	objects = {

/* Begin PBXBuildFile section */
		50DFABFD25B75523009BB473 /* SearchCollectionViewController.swift in Sources */ = {isa = PBXBuildFile; fileRef = 50DFABFC25B75523009BB473 /* SearchCollectionViewController.swift */; };
		50DFAC0325B7A5A8009BB473 /* PhotoDetailViewController.swift in Sources */ = {isa = PBXBuildFile; fileRef = 50DFAC0225B7A5A8009BB473 /* PhotoDetailViewController.swift */; };
		50DFAC1025B7EAD0009BB473 /* FavoritesCollectionViewController.swift in Sources */ = {isa = PBXBuildFile; fileRef = 50DFAC0F25B7EAD0009BB473 /* FavoritesCollectionViewController.swift */; };
		50DFAC1425B8AB8C009BB473 /* DogApiReview.xcdatamodeld in Sources */ = {isa = PBXBuildFile; fileRef = 50DFAC1225B8AB8C009BB473 /* DogApiReview.xcdatamodeld */; };
		50DFAC1725B8ABE1009BB473 /* CoreDataStack.swift in Sources */ = {isa = PBXBuildFile; fileRef = 50DFAC1625B8ABE1009BB473 /* CoreDataStack.swift */; };
		50DFAC1A25B8AD7E009BB473 /* SavedDog+Convenience.swift in Sources */ = {isa = PBXBuildFile; fileRef = 50DFAC1925B8AD7E009BB473 /* SavedDog+Convenience.swift */; };
		50DFAC2025B8EB15009BB473 /* ProfileViewController.swift in Sources */ = {isa = PBXBuildFile; fileRef = 50DFAC1F25B8EB15009BB473 /* ProfileViewController.swift */; };
		50EC2B7725B6049200519EED /* AppDelegate.swift in Sources */ = {isa = PBXBuildFile; fileRef = 50EC2B7625B6049200519EED /* AppDelegate.swift */; };
		50EC2B7925B6049200519EED /* SceneDelegate.swift in Sources */ = {isa = PBXBuildFile; fileRef = 50EC2B7825B6049200519EED /* SceneDelegate.swift */; };
		50EC2B7B25B6049200519EED /* DogsCollectionViewController.swift in Sources */ = {isa = PBXBuildFile; fileRef = 50EC2B7A25B6049200519EED /* DogsCollectionViewController.swift */; };
		50EC2B7E25B6049300519EED /* Main.storyboard in Resources */ = {isa = PBXBuildFile; fileRef = 50EC2B7C25B6049300519EED /* Main.storyboard */; };
		50EC2B8025B6049900519EED /* Assets.xcassets in Resources */ = {isa = PBXBuildFile; fileRef = 50EC2B7F25B6049900519EED /* Assets.xcassets */; };
		50EC2B8325B6049900519EED /* LaunchScreen.storyboard in Resources */ = {isa = PBXBuildFile; fileRef = 50EC2B8125B6049900519EED /* LaunchScreen.storyboard */; };
		50EC2B8C25B611BF00519EED /* DogData.swift in Sources */ = {isa = PBXBuildFile; fileRef = 50EC2B8B25B611BF00519EED /* DogData.swift */; };
		50EC2B8F25B6187100519EED /* DogModelController.swift in Sources */ = {isa = PBXBuildFile; fileRef = 50EC2B8E25B6187100519EED /* DogModelController.swift */; };
		50EC2B9225B6508300519EED /* ConcurrentOperation.swift in Sources */ = {isa = PBXBuildFile; fileRef = 50EC2B9125B6508200519EED /* ConcurrentOperation.swift */; };
		50EC2B9725B6590C00519EED /* FetchPhotoOperation.swift in Sources */ = {isa = PBXBuildFile; fileRef = 50EC2B9625B6590C00519EED /* FetchPhotoOperation.swift */; };
		50EC2B9E25B6945F00519EED /* DogReusableCollectionViewCell.swift in Sources */ = {isa = PBXBuildFile; fileRef = 50EC2B9D25B6945F00519EED /* DogReusableCollectionViewCell.swift */; };
		50EC2BA125B6970D00519EED /* Skull.png in Resources */ = {isa = PBXBuildFile; fileRef = 50EC2BA025B6970D00519EED /* Skull.png */; };
		C58ABF545DAC0CEA199E4C7F /* Pods_DogApiReview.framework in Frameworks */ = {isa = PBXBuildFile; fileRef = 9A63B963D1E83F49EF8015F9 /* Pods_DogApiReview.framework */; };
/* End PBXBuildFile section */

/* Begin PBXFileReference section */
		50DFABFC25B75523009BB473 /* SearchCollectionViewController.swift */ = {isa = PBXFileReference; lastKnownFileType = sourcecode.swift; path = SearchCollectionViewController.swift; sourceTree = "<group>"; };
		50DFAC0225B7A5A8009BB473 /* PhotoDetailViewController.swift */ = {isa = PBXFileReference; lastKnownFileType = sourcecode.swift; path = PhotoDetailViewController.swift; sourceTree = "<group>"; };
		50DFAC0F25B7EAD0009BB473 /* FavoritesCollectionViewController.swift */ = {isa = PBXFileReference; lastKnownFileType = sourcecode.swift; path = FavoritesCollectionViewController.swift; sourceTree = "<group>"; };
		50DFAC1325B8AB8C009BB473 /* DogApiReview.xcdatamodel */ = {isa = PBXFileReference; lastKnownFileType = wrapper.xcdatamodel; path = DogApiReview.xcdatamodel; sourceTree = "<group>"; };
		50DFAC1625B8ABE1009BB473 /* CoreDataStack.swift */ = {isa = PBXFileReference; lastKnownFileType = sourcecode.swift; path = CoreDataStack.swift; sourceTree = "<group>"; };
		50DFAC1925B8AD7E009BB473 /* SavedDog+Convenience.swift */ = {isa = PBXFileReference; lastKnownFileType = sourcecode.swift; path = "SavedDog+Convenience.swift"; sourceTree = "<group>"; };
		50DFAC1F25B8EB15009BB473 /* ProfileViewController.swift */ = {isa = PBXFileReference; lastKnownFileType = sourcecode.swift; path = ProfileViewController.swift; sourceTree = "<group>"; };
		50EC2B7325B6049200519EED /* DogApiReview.app */ = {isa = PBXFileReference; explicitFileType = wrapper.application; includeInIndex = 0; path = DogApiReview.app; sourceTree = BUILT_PRODUCTS_DIR; };
		50EC2B7625B6049200519EED /* AppDelegate.swift */ = {isa = PBXFileReference; lastKnownFileType = sourcecode.swift; path = AppDelegate.swift; sourceTree = "<group>"; };
		50EC2B7825B6049200519EED /* SceneDelegate.swift */ = {isa = PBXFileReference; lastKnownFileType = sourcecode.swift; path = SceneDelegate.swift; sourceTree = "<group>"; };
		50EC2B7A25B6049200519EED /* DogsCollectionViewController.swift */ = {isa = PBXFileReference; lastKnownFileType = sourcecode.swift; path = DogsCollectionViewController.swift; sourceTree = "<group>"; };
		50EC2B7D25B6049300519EED /* Base */ = {isa = PBXFileReference; lastKnownFileType = file.storyboard; name = Base; path = Base.lproj/Main.storyboard; sourceTree = "<group>"; };
		50EC2B7F25B6049900519EED /* Assets.xcassets */ = {isa = PBXFileReference; lastKnownFileType = folder.assetcatalog; path = Assets.xcassets; sourceTree = "<group>"; };
		50EC2B8225B6049900519EED /* Base */ = {isa = PBXFileReference; lastKnownFileType = file.storyboard; name = Base; path = Base.lproj/LaunchScreen.storyboard; sourceTree = "<group>"; };
		50EC2B8425B6049900519EED /* Info.plist */ = {isa = PBXFileReference; lastKnownFileType = text.plist.xml; path = Info.plist; sourceTree = "<group>"; };
		50EC2B8B25B611BF00519EED /* DogData.swift */ = {isa = PBXFileReference; lastKnownFileType = sourcecode.swift; path = DogData.swift; sourceTree = "<group>"; };
		50EC2B8E25B6187100519EED /* DogModelController.swift */ = {isa = PBXFileReference; lastKnownFileType = sourcecode.swift; path = DogModelController.swift; sourceTree = "<group>"; };
		50EC2B9125B6508200519EED /* ConcurrentOperation.swift */ = {isa = PBXFileReference; lastKnownFileType = sourcecode.swift; path = ConcurrentOperation.swift; sourceTree = "<group>"; };
		50EC2B9625B6590C00519EED /* FetchPhotoOperation.swift */ = {isa = PBXFileReference; lastKnownFileType = sourcecode.swift; path = FetchPhotoOperation.swift; sourceTree = "<group>"; };
		50EC2B9D25B6945F00519EED /* DogReusableCollectionViewCell.swift */ = {isa = PBXFileReference; lastKnownFileType = sourcecode.swift; path = DogReusableCollectionViewCell.swift; sourceTree = "<group>"; };
		50EC2BA025B6970D00519EED /* Skull.png */ = {isa = PBXFileReference; lastKnownFileType = image.png; path = Skull.png; sourceTree = "<group>"; };
		9A63B963D1E83F49EF8015F9 /* Pods_DogApiReview.framework */ = {isa = PBXFileReference; explicitFileType = wrapper.framework; includeInIndex = 0; path = Pods_DogApiReview.framework; sourceTree = BUILT_PRODUCTS_DIR; };
		A54E3E827F42A046070299B8 /* Pods-DogApiReview.release.xcconfig */ = {isa = PBXFileReference; includeInIndex = 1; lastKnownFileType = text.xcconfig; name = "Pods-DogApiReview.release.xcconfig"; path = "Target Support Files/Pods-DogApiReview/Pods-DogApiReview.release.xcconfig"; sourceTree = "<group>"; };
		DB8A2808697D42555838D11C /* Pods-DogApiReview.debug.xcconfig */ = {isa = PBXFileReference; includeInIndex = 1; lastKnownFileType = text.xcconfig; name = "Pods-DogApiReview.debug.xcconfig"; path = "Target Support Files/Pods-DogApiReview/Pods-DogApiReview.debug.xcconfig"; sourceTree = "<group>"; };
/* End PBXFileReference section */

/* Begin PBXFrameworksBuildPhase section */
		50EC2B7025B6049200519EED /* Frameworks */ = {
			isa = PBXFrameworksBuildPhase;
			buildActionMask = 2147483647;
			files = (
				C58ABF545DAC0CEA199E4C7F /* Pods_DogApiReview.framework in Frameworks */,
			);
			runOnlyForDeploymentPostprocessing = 0;
		};
/* End PBXFrameworksBuildPhase section */

/* Begin PBXGroup section */
		43AC2DBD979A28B552C9E566 /* Pods */ = {
			isa = PBXGroup;
			children = (
				DB8A2808697D42555838D11C /* Pods-DogApiReview.debug.xcconfig */,
				A54E3E827F42A046070299B8 /* Pods-DogApiReview.release.xcconfig */,
			);
			name = Pods;
			path = Pods;
			sourceTree = "<group>";
		};
		50DFAC0525B7A5B1009BB473 /* ViewControllers */ = {
			isa = PBXGroup;
			children = (
				50DFABFC25B75523009BB473 /* SearchCollectionViewController.swift */,
				50EC2B7A25B6049200519EED /* DogsCollectionViewController.swift */,
				50DFAC0225B7A5A8009BB473 /* PhotoDetailViewController.swift */,
				50DFAC0F25B7EAD0009BB473 /* FavoritesCollectionViewController.swift */,
				50DFAC1F25B8EB15009BB473 /* ProfileViewController.swift */,
			);
			path = ViewControllers;
			sourceTree = "<group>";
		};
		50DFAC0825B7A5E8009BB473 /* LifeCycle */ = {
			isa = PBXGroup;
			children = (
				50EC2B7825B6049200519EED /* SceneDelegate.swift */,
				50EC2B7625B6049200519EED /* AppDelegate.swift */,
			);
			path = LifeCycle;
			sourceTree = "<group>";
		};
		50DFAC0A25B7A60C009BB473 /* Operations */ = {
			isa = PBXGroup;
			children = (
				50EC2B9125B6508200519EED /* ConcurrentOperation.swift */,
				50EC2B9625B6590C00519EED /* FetchPhotoOperation.swift */,
			);
			path = Operations;
			sourceTree = "<group>";
		};
		50EC2B6A25B6049200519EED = {
			isa = PBXGroup;
			children = (
				50EC2B7525B6049200519EED /* DogApiReview */,
				50EC2B7425B6049200519EED /* Products */,
				43AC2DBD979A28B552C9E566 /* Pods */,
				84400AAF62A1C05BFF1B72F8 /* Frameworks */,
			);
			sourceTree = "<group>";
		};
		50EC2B7425B6049200519EED /* Products */ = {
			isa = PBXGroup;
			children = (
				50EC2B7325B6049200519EED /* DogApiReview.app */,
			);
			name = Products;
			sourceTree = "<group>";
		};
		50EC2B7525B6049200519EED /* DogApiReview */ = {
			isa = PBXGroup;
			children = (
				50DFAC0825B7A5E8009BB473 /* LifeCycle */,
				50EC2B7C25B6049300519EED /* Main.storyboard */,
				50EC2B7F25B6049900519EED /* Assets.xcassets */,
				50EC2BA025B6970D00519EED /* Skull.png */,
				50EC2B8125B6049900519EED /* LaunchScreen.storyboard */,
				50EC2B8425B6049900519EED /* Info.plist */,
				50EC2B8B25B611BF00519EED /* DogData.swift */,
				50EC2B8E25B6187100519EED /* DogModelController.swift */,
				50DFAC0A25B7A60C009BB473 /* Operations */,
				50EC2B9D25B6945F00519EED /* DogReusableCollectionViewCell.swift */,
				50DFAC0525B7A5B1009BB473 /* ViewControllers */,
				50DFAC1225B8AB8C009BB473 /* DogApiReview.xcdatamodeld */,
				50DFAC1625B8ABE1009BB473 /* CoreDataStack.swift */,
				50DFAC1925B8AD7E009BB473 /* SavedDog+Convenience.swift */,
			);
			path = DogApiReview;
			sourceTree = "<group>";
		};
		84400AAF62A1C05BFF1B72F8 /* Frameworks */ = {
			isa = PBXGroup;
			children = (
				9A63B963D1E83F49EF8015F9 /* Pods_DogApiReview.framework */,
			);
			name = Frameworks;
			sourceTree = "<group>";
		};
/* End PBXGroup section */

/* Begin PBXNativeTarget section */
		50EC2B7225B6049200519EED /* DogApiReview */ = {
			isa = PBXNativeTarget;
			buildConfigurationList = 50EC2B8725B6049900519EED /* Build configuration list for PBXNativeTarget "DogApiReview" */;
			buildPhases = (
				D16A743A2682795EC6596F06 /* [CP] Check Pods Manifest.lock */,
				50EC2B6F25B6049200519EED /* Sources */,
				50EC2B7025B6049200519EED /* Frameworks */,
				50EC2B7125B6049200519EED /* Resources */,
				968A9647E80DCA387EE4E833 /* [CP] Embed Pods Frameworks */,
			);
			buildRules = (
			);
			dependencies = (
			);
			name = DogApiReview;
			productName = DogApiReview;
			productReference = 50EC2B7325B6049200519EED /* DogApiReview.app */;
			productType = "com.apple.product-type.application";
		};
/* End PBXNativeTarget section */

/* Begin PBXProject section */
		50EC2B6B25B6049200519EED /* Project object */ = {
			isa = PBXProject;
			attributes = {
				LastSwiftUpdateCheck = 1230;
				LastUpgradeCheck = 1230;
				TargetAttributes = {
					50EC2B7225B6049200519EED = {
						CreatedOnToolsVersion = 12.3;
					};
				};
			};
			buildConfigurationList = 50EC2B6E25B6049200519EED /* Build configuration list for PBXProject "DogApiReview" */;
			compatibilityVersion = "Xcode 9.3";
			developmentRegion = en;
			hasScannedForEncodings = 0;
			knownRegions = (
				en,
				Base,
			);
			mainGroup = 50EC2B6A25B6049200519EED;
			productRefGroup = 50EC2B7425B6049200519EED /* Products */;
			projectDirPath = "";
			projectRoot = "";
			targets = (
				50EC2B7225B6049200519EED /* DogApiReview */,
			);
		};
/* End PBXProject section */

/* Begin PBXResourcesBuildPhase section */
		50EC2B7125B6049200519EED /* Resources */ = {
			isa = PBXResourcesBuildPhase;
			buildActionMask = 2147483647;
			files = (
				50EC2B8325B6049900519EED /* LaunchScreen.storyboard in Resources */,
				50EC2B8025B6049900519EED /* Assets.xcassets in Resources */,
				50EC2B7E25B6049300519EED /* Main.storyboard in Resources */,
				50EC2BA125B6970D00519EED /* Skull.png in Resources */,
			);
			runOnlyForDeploymentPostprocessing = 0;
		};
/* End PBXResourcesBuildPhase section */

/* Begin PBXShellScriptBuildPhase section */
		968A9647E80DCA387EE4E833 /* [CP] Embed Pods Frameworks */ = {
			isa = PBXShellScriptBuildPhase;
			buildActionMask = 2147483647;
			files = (
			);
			inputFileListPaths = (
				"${PODS_ROOT}/Target Support Files/Pods-DogApiReview/Pods-DogApiReview-frameworks-${CONFIGURATION}-input-files.xcfilelist",
			);
			name = "[CP] Embed Pods Frameworks";
			outputFileListPaths = (
				"${PODS_ROOT}/Target Support Files/Pods-DogApiReview/Pods-DogApiReview-frameworks-${CONFIGURATION}-output-files.xcfilelist",
			);
			runOnlyForDeploymentPostprocessing = 0;
			shellPath = /bin/sh;
			shellScript = "\"${PODS_ROOT}/Target Support Files/Pods-DogApiReview/Pods-DogApiReview-frameworks.sh\"\n";
			showEnvVarsInLog = 0;
		};
		D16A743A2682795EC6596F06 /* [CP] Check Pods Manifest.lock */ = {
			isa = PBXShellScriptBuildPhase;
			buildActionMask = 2147483647;
			files = (
			);
			inputFileListPaths = (
			);
			inputPaths = (
				"${PODS_PODFILE_DIR_PATH}/Podfile.lock",
				"${PODS_ROOT}/Manifest.lock",
			);
			name = "[CP] Check Pods Manifest.lock";
			outputFileListPaths = (
			);
			outputPaths = (
				"$(DERIVED_FILE_DIR)/Pods-DogApiReview-checkManifestLockResult.txt",
			);
			runOnlyForDeploymentPostprocessing = 0;
			shellPath = /bin/sh;
			shellScript = "diff \"${PODS_PODFILE_DIR_PATH}/Podfile.lock\" \"${PODS_ROOT}/Manifest.lock\" > /dev/null\nif [ $? != 0 ] ; then\n    # print error to STDERR\n    echo \"error: The sandbox is not in sync with the Podfile.lock. Run 'pod install' or update your CocoaPods installation.\" >&2\n    exit 1\nfi\n# This output is used by Xcode 'outputs' to avoid re-running this script phase.\necho \"SUCCESS\" > \"${SCRIPT_OUTPUT_FILE_0}\"\n";
			showEnvVarsInLog = 0;
		};
/* End PBXShellScriptBuildPhase section */

/* Begin PBXSourcesBuildPhase section */
		50EC2B6F25B6049200519EED /* Sources */ = {
			isa = PBXSourcesBuildPhase;
			buildActionMask = 2147483647;
			files = (
				50DFAC1A25B8AD7E009BB473 /* SavedDog+Convenience.swift in Sources */,
				50EC2B8C25B611BF00519EED /* DogData.swift in Sources */,
				50DFAC1025B7EAD0009BB473 /* FavoritesCollectionViewController.swift in Sources */,
				50EC2B7B25B6049200519EED /* DogsCollectionViewController.swift in Sources */,
				50EC2B9E25B6945F00519EED /* DogReusableCollectionViewCell.swift in Sources */,
				50EC2B8F25B6187100519EED /* DogModelController.swift in Sources */,
				50DFAC0325B7A5A8009BB473 /* PhotoDetailViewController.swift in Sources */,
				50DFAC1725B8ABE1009BB473 /* CoreDataStack.swift in Sources */,
				50EC2B7725B6049200519EED /* AppDelegate.swift in Sources */,
				50EC2B9725B6590C00519EED /* FetchPhotoOperation.swift in Sources */,
				50EC2B9225B6508300519EED /* ConcurrentOperation.swift in Sources */,
				50DFABFD25B75523009BB473 /* SearchCollectionViewController.swift in Sources */,
				50DFAC2025B8EB15009BB473 /* ProfileViewController.swift in Sources */,
				50EC2B7925B6049200519EED /* SceneDelegate.swift in Sources */,
				50DFAC1425B8AB8C009BB473 /* DogApiReview.xcdatamodeld in Sources */,
			);
			runOnlyForDeploymentPostprocessing = 0;
		};
/* End PBXSourcesBuildPhase section */

/* Begin PBXVariantGroup section */
		50EC2B7C25B6049300519EED /* Main.storyboard */ = {
			isa = PBXVariantGroup;
			children = (
				50EC2B7D25B6049300519EED /* Base */,
			);
			name = Main.storyboard;
			sourceTree = "<group>";
		};
		50EC2B8125B6049900519EED /* LaunchScreen.storyboard */ = {
			isa = PBXVariantGroup;
			children = (
				50EC2B8225B6049900519EED /* Base */,
			);
			name = LaunchScreen.storyboard;
			sourceTree = "<group>";
		};
/* End PBXVariantGroup section */

/* Begin XCBuildConfiguration section */
		50EC2B8525B6049900519EED /* Debug */ = {
			isa = XCBuildConfiguration;
			buildSettings = {
				ALWAYS_SEARCH_USER_PATHS = NO;
				CLANG_ANALYZER_NONNULL = YES;
				CLANG_ANALYZER_NUMBER_OBJECT_CONVERSION = YES_AGGRESSIVE;
				CLANG_CXX_LANGUAGE_STANDARD = "gnu++14";
				CLANG_CXX_LIBRARY = "libc++";
				CLANG_ENABLE_MODULES = YES;
				CLANG_ENABLE_OBJC_ARC = YES;
				CLANG_ENABLE_OBJC_WEAK = YES;
				CLANG_WARN_BLOCK_CAPTURE_AUTORELEASING = YES;
				CLANG_WARN_BOOL_CONVERSION = YES;
				CLANG_WARN_COMMA = YES;
				CLANG_WARN_CONSTANT_CONVERSION = YES;
				CLANG_WARN_DEPRECATED_OBJC_IMPLEMENTATIONS = YES;
				CLANG_WARN_DIRECT_OBJC_ISA_USAGE = YES_ERROR;
				CLANG_WARN_DOCUMENTATION_COMMENTS = YES;
				CLANG_WARN_EMPTY_BODY = YES;
				CLANG_WARN_ENUM_CONVERSION = YES;
				CLANG_WARN_INFINITE_RECURSION = YES;
				CLANG_WARN_INT_CONVERSION = YES;
				CLANG_WARN_NON_LITERAL_NULL_CONVERSION = YES;
				CLANG_WARN_OBJC_IMPLICIT_RETAIN_SELF = YES;
				CLANG_WARN_OBJC_LITERAL_CONVERSION = YES;
				CLANG_WARN_OBJC_ROOT_CLASS = YES_ERROR;
				CLANG_WARN_QUOTED_INCLUDE_IN_FRAMEWORK_HEADER = YES;
				CLANG_WARN_RANGE_LOOP_ANALYSIS = YES;
				CLANG_WARN_STRICT_PROTOTYPES = YES;
				CLANG_WARN_SUSPICIOUS_MOVE = YES;
				CLANG_WARN_UNGUARDED_AVAILABILITY = YES_AGGRESSIVE;
				CLANG_WARN_UNREACHABLE_CODE = YES;
				CLANG_WARN__DUPLICATE_METHOD_MATCH = YES;
				COPY_PHASE_STRIP = NO;
				DEBUG_INFORMATION_FORMAT = dwarf;
				ENABLE_STRICT_OBJC_MSGSEND = YES;
				ENABLE_TESTABILITY = YES;
				GCC_C_LANGUAGE_STANDARD = gnu11;
				GCC_DYNAMIC_NO_PIC = NO;
				GCC_NO_COMMON_BLOCKS = YES;
				GCC_OPTIMIZATION_LEVEL = 0;
				GCC_PREPROCESSOR_DEFINITIONS = (
					"DEBUG=1",
					"$(inherited)",
				);
				GCC_WARN_64_TO_32_BIT_CONVERSION = YES;
				GCC_WARN_ABOUT_RETURN_TYPE = YES_ERROR;
				GCC_WARN_UNDECLARED_SELECTOR = YES;
				GCC_WARN_UNINITIALIZED_AUTOS = YES_AGGRESSIVE;
				GCC_WARN_UNUSED_FUNCTION = YES;
				GCC_WARN_UNUSED_VARIABLE = YES;
				IPHONEOS_DEPLOYMENT_TARGET = 14.3;
				MTL_ENABLE_DEBUG_INFO = INCLUDE_SOURCE;
				MTL_FAST_MATH = YES;
				ONLY_ACTIVE_ARCH = YES;
				SDKROOT = iphoneos;
				SWIFT_ACTIVE_COMPILATION_CONDITIONS = DEBUG;
				SWIFT_OPTIMIZATION_LEVEL = "-Onone";
			};
			name = Debug;
		};
		50EC2B8625B6049900519EED /* Release */ = {
			isa = XCBuildConfiguration;
			buildSettings = {
				ALWAYS_SEARCH_USER_PATHS = NO;
				CLANG_ANALYZER_NONNULL = YES;
				CLANG_ANALYZER_NUMBER_OBJECT_CONVERSION = YES_AGGRESSIVE;
				CLANG_CXX_LANGUAGE_STANDARD = "gnu++14";
				CLANG_CXX_LIBRARY = "libc++";
				CLANG_ENABLE_MODULES = YES;
				CLANG_ENABLE_OBJC_ARC = YES;
				CLANG_ENABLE_OBJC_WEAK = YES;
				CLANG_WARN_BLOCK_CAPTURE_AUTORELEASING = YES;
				CLANG_WARN_BOOL_CONVERSION = YES;
				CLANG_WARN_COMMA = YES;
				CLANG_WARN_CONSTANT_CONVERSION = YES;
				CLANG_WARN_DEPRECATED_OBJC_IMPLEMENTATIONS = YES;
				CLANG_WARN_DIRECT_OBJC_ISA_USAGE = YES_ERROR;
				CLANG_WARN_DOCUMENTATION_COMMENTS = YES;
				CLANG_WARN_EMPTY_BODY = YES;
				CLANG_WARN_ENUM_CONVERSION = YES;
				CLANG_WARN_INFINITE_RECURSION = YES;
				CLANG_WARN_INT_CONVERSION = YES;
				CLANG_WARN_NON_LITERAL_NULL_CONVERSION = YES;
				CLANG_WARN_OBJC_IMPLICIT_RETAIN_SELF = YES;
				CLANG_WARN_OBJC_LITERAL_CONVERSION = YES;
				CLANG_WARN_OBJC_ROOT_CLASS = YES_ERROR;
				CLANG_WARN_QUOTED_INCLUDE_IN_FRAMEWORK_HEADER = YES;
				CLANG_WARN_RANGE_LOOP_ANALYSIS = YES;
				CLANG_WARN_STRICT_PROTOTYPES = YES;
				CLANG_WARN_SUSPICIOUS_MOVE = YES;
				CLANG_WARN_UNGUARDED_AVAILABILITY = YES_AGGRESSIVE;
				CLANG_WARN_UNREACHABLE_CODE = YES;
				CLANG_WARN__DUPLICATE_METHOD_MATCH = YES;
				COPY_PHASE_STRIP = NO;
				DEBUG_INFORMATION_FORMAT = "dwarf-with-dsym";
				ENABLE_NS_ASSERTIONS = NO;
				ENABLE_STRICT_OBJC_MSGSEND = YES;
				GCC_C_LANGUAGE_STANDARD = gnu11;
				GCC_NO_COMMON_BLOCKS = YES;
				GCC_WARN_64_TO_32_BIT_CONVERSION = YES;
				GCC_WARN_ABOUT_RETURN_TYPE = YES_ERROR;
				GCC_WARN_UNDECLARED_SELECTOR = YES;
				GCC_WARN_UNINITIALIZED_AUTOS = YES_AGGRESSIVE;
				GCC_WARN_UNUSED_FUNCTION = YES;
				GCC_WARN_UNUSED_VARIABLE = YES;
				IPHONEOS_DEPLOYMENT_TARGET = 14.3;
				MTL_ENABLE_DEBUG_INFO = NO;
				MTL_FAST_MATH = YES;
				SDKROOT = iphoneos;
				SWIFT_COMPILATION_MODE = wholemodule;
				SWIFT_OPTIMIZATION_LEVEL = "-O";
				VALIDATE_PRODUCT = YES;
			};
			name = Release;
		};
		50EC2B8825B6049900519EED /* Debug */ = {
			isa = XCBuildConfiguration;
			baseConfigurationReference = DB8A2808697D42555838D11C /* Pods-DogApiReview.debug.xcconfig */;
			buildSettings = {
				ASSETCATALOG_COMPILER_APPICON_NAME = AppIcon;
				ASSETCATALOG_COMPILER_GLOBAL_ACCENT_COLOR_NAME = AccentColor;
				CODE_SIGN_STYLE = Automatic;
				DEVELOPMENT_TEAM = 6WA5TYMFND;
				INFOPLIST_FILE = DogApiReview/Info.plist;
				LD_RUNPATH_SEARCH_PATHS = (
					"$(inherited)",
					"@executable_path/Frameworks",
				);
				PRODUCT_BUNDLE_IDENTIFIER = com.KelsonHartle.DogApiReview;
				PRODUCT_NAME = "$(TARGET_NAME)";
				SWIFT_VERSION = 5.0;
				TARGETED_DEVICE_FAMILY = "1,2";
			};
			name = Debug;
		};
		50EC2B8925B6049900519EED /* Release */ = {
			isa = XCBuildConfiguration;
			baseConfigurationReference = A54E3E827F42A046070299B8 /* Pods-DogApiReview.release.xcconfig */;
			buildSettings = {
				ASSETCATALOG_COMPILER_APPICON_NAME = AppIcon;
				ASSETCATALOG_COMPILER_GLOBAL_ACCENT_COLOR_NAME = AccentColor;
				CODE_SIGN_STYLE = Automatic;
				DEVELOPMENT_TEAM = 6WA5TYMFND;
				INFOPLIST_FILE = DogApiReview/Info.plist;
				LD_RUNPATH_SEARCH_PATHS = (
					"$(inherited)",
					"@executable_path/Frameworks",
				);
				PRODUCT_BUNDLE_IDENTIFIER = com.KelsonHartle.DogApiReview;
				PRODUCT_NAME = "$(TARGET_NAME)";
				SWIFT_VERSION = 5.0;
				TARGETED_DEVICE_FAMILY = "1,2";
			};
			name = Release;
		};
/* End XCBuildConfiguration section */

/* Begin XCConfigurationList section */
		50EC2B6E25B6049200519EED /* Build configuration list for PBXProject "DogApiReview" */ = {
			isa = XCConfigurationList;
			buildConfigurations = (
				50EC2B8525B6049900519EED /* Debug */,
				50EC2B8625B6049900519EED /* Release */,
			);
			defaultConfigurationIsVisible = 0;
			defaultConfigurationName = Release;
		};
		50EC2B8725B6049900519EED /* Build configuration list for PBXNativeTarget "DogApiReview" */ = {
			isa = XCConfigurationList;
			buildConfigurations = (
				50EC2B8825B6049900519EED /* Debug */,
				50EC2B8925B6049900519EED /* Release */,
			);
			defaultConfigurationIsVisible = 0;
			defaultConfigurationName = Release;
		};
/* End XCConfigurationList section */

/* Begin XCVersionGroup section */
		50DFAC1225B8AB8C009BB473 /* DogApiReview.xcdatamodeld */ = {
			isa = XCVersionGroup;
			children = (
				50DFAC1325B8AB8C009BB473 /* DogApiReview.xcdatamodel */,
			);
			currentVersion = 50DFAC1325B8AB8C009BB473 /* DogApiReview.xcdatamodel */;
			path = DogApiReview.xcdatamodeld;
			sourceTree = "<group>";
			versionGroupType = wrapper.xcdatamodel;
		};
/* End XCVersionGroup section */
	};
	rootObject = 50EC2B6B25B6049200519EED /* Project object */;
}
